
Microsoft Visual Studio Solution File, Format Version 12.00
# Visual Studio Version 17
VisualStudioVersion = 17.3.32811.315
MinimumVisualStudioVersion = 10.0.40219.1
Project("{9A19103F-16F7-4668-BE54-9A1E7A4F7556}") = "TicTacToe", "TicTacToe\TicTacToe.csproj", "{97C30341-635D-4B7D-A074-F806FAB2FDFC}"
EndProject
Project("{FAE04EC0-301F-11D3-BF4B-00C04F79EFBC}") = "TicTacToe.Test", "TicTacToe.Test\TicTacToe.Test.csproj", "{76028419-AE6E-498E-8C80-14ED099C4A6E}"
EndProject
Global
	GlobalSection(SolutionConfigurationPlatforms) = preSolution
		Debug|Any CPU = Debug|Any CPU
		Release|Any CPU = Release|Any CPU
	EndGlobalSection
	GlobalSection(ProjectConfigurationPlatforms) = postSolution
		{97C30341-635D-4B7D-A074-F806FAB2FDFC}.Debug|Any CPU.ActiveCfg = Debug|Any CPU
		{97C30341-635D-4B7D-A074-F806FAB2FDFC}.Debug|Any CPU.Build.0 = Debug|Any CPU
		{97C30341-635D-4B7D-A074-F806FAB2FDFC}.Release|Any CPU.ActiveCfg = Release|Any CPU
		{97C30341-635D-4B7D-A074-F806FAB2FDFC}.Release|Any CPU.Build.0 = Release|Any CPU
		{76028419-AE6E-498E-8C80-14ED099C4A6E}.Debug|Any CPU.ActiveCfg = Debug|Any CPU
		{76028419-AE6E-498E-8C80-14ED099C4A6E}.Debug|Any CPU.Build.0 = Debug|Any CPU
		{76028419-AE6E-498E-8C80-14ED099C4A6E}.Release|Any CPU.ActiveCfg = Release|Any CPU
		{76028419-AE6E-498E-8C80-14ED099C4A6E}.Release|Any CPU.Build.0 = Release|Any CPU
	EndGlobalSection
	GlobalSection(SolutionProperties) = preSolution
		HideSolutionNode = FALSE
	EndGlobalSection
	GlobalSection(ExtensibilityGlobals) = postSolution
		SolutionGuid = {C268A677-237C-4C35-8A4C-0C3A2AA669B4}
	EndGlobalSection
EndGlobal
